
Microsoft Visual Studio Solution File, Format Version 12.00
Project("{FAE04EC0-301F-11D3-BF4B-00C04F79EFBC}") = "NostrStreamer", "NostrStreamer\NostrStreamer.csproj", "{883F6FF4-B1BA-48F7-82BF-9A0851051006}"
EndProject
Global
	GlobalSection(SolutionConfigurationPlatforms) = preSolution
		Debug|Any CPU = Debug|Any CPU
		Release|Any CPU = Release|Any CPU
	EndGlobalSection
	GlobalSection(ProjectConfigurationPlatforms) = postSolution
		{883F6FF4-B1BA-48F7-82BF-9A0851051006}.Debug|Any CPU.ActiveCfg = Debug|Any CPU
		{883F6FF4-B1BA-48F7-82BF-9A0851051006}.Debug|Any CPU.Build.0 = Debug|Any CPU
		{883F6FF4-B1BA-48F7-82BF-9A0851051006}.Release|Any CPU.ActiveCfg = Release|Any CPU
		{883F6FF4-B1BA-48F7-82BF-9A0851051006}.Release|Any CPU.Build.0 = Release|Any CPU
	EndGlobalSection
EndGlobal
